{
  "object": {
    "pins": [
      {
        "package": "iOS-BLE-Library",
        "repositoryURL": "https://github.com/Medico-Supplies/IOS-BLE-Library",
        "state": {
          "branch": null,
          "revision": "4f3e4987f41e0558c6fdc1e8407eb92c59ae0eff",
          "version": "0.4.5"
        }
      },
      {
        "package": "iOSCommonLibraries",
        "repositoryURL": "https://github.com/Medico-Supplies/IOS-Common-Libraries",
        "state": {
          "branch": null,
          "revision": "48a940e482828798d4fd71228c03e98822efe8f3",
          "version": "0.2.5"
        }
      },
      {
        "package": "CoreBluetoothMock",
        "repositoryURL": "https://github.com/nordicsemi/IOS-CoreBluetooth-Mock.git",
        "state": {
          "branch": null,
          "revision": "5748c9e8b1750e0d7bc09243c099ff618f211cdf",
          "version": "1.0.6"
        }
      },
      {
        "package": "SwiftCBOR",
        "repositoryURL": "https://github.com/Medico-Supplies/SwiftCBOR.git",
        "state": {
          "branch": null,
          "revision": "08606545e2c67e4ab65c7c7574a8758ffa2b365e",
          "version": "0.6.0"
        }
      },
      {
        "package": "ZIPFoundation",
        "repositoryURL": "https://github.com/Medico-Supplies/ZIPFoundation",
        "state": {
          "branch": null,
          "revision": "e7a17d57c583067eaa6659cd6d9521265b7664e9",
          "version": "0.9.20"
        }
      }
    ]
  },
  "version": 1
}
