{
  "object": {
    "pins": [
      {
        "package": "iOS-BLE-Library",
        "repositoryURL": "https://github.com/nordicsemi/IOS-BLE-Library",
        "state": {
          "branch": null,
          "revision": "4f3e4987f41e0558c6fdc1e8407eb92c59ae0eff",
          "version": "0.4.5"
        }
      },
      {
        "package": "iOSCommonLibraries",
        "repositoryURL": "https://github.com/nordicsemi/IOS-Common-Libraries",
        "state": {
          "branch": null,
          "revision": "72bfd8c35274d89de4276efe12386d13d87921cc",
          "version": "0.2.4"
        }
      },
      {
        "package": "CoreBluetoothMock",
        "repositoryURL": "https://github.com/nordicsemi/IOS-CoreBluetooth-Mock.git",
        "state": {
          "branch": null,
          "revision": "5748c9e8b1750e0d7bc09243c099ff618f211cdf",
          "version": "1.0.6"
        }
      },
      {
        "package": "SwiftCBOR",
        "repositoryURL": "https://github.com/valpackett/SwiftCBOR.git",
        "state": {
          "branch": null,
          "revision": "fd929a6d8f7651ce0f63fc99397fd5762358cc29",
          "version": "0.6.0"
        }
      },
      {
        "package": "ZIPFoundation",
        "repositoryURL": "https://github.com/weichsel/ZIPFoundation.git",
        "state": {
          "branch": null,
          "revision": "22787ffb59de99e5dc1fbfe80b19c97a904ad48d",
          "version": "0.9.20"
        }
      }
    ]
  },
  "version": 1
}
